// !$*UTF8*$!
{
	archiveVersion = 1;
	classes = {
	};
	objectVersion = 56;
	objects = {

/* Begin PBXBuildFile section */
		BC32813F2A33B9710024AEC4 /* AppDelegate.swift in Sources */ = {isa = PBXBuildFile; fileRef = BC32813E2A33B9710024AEC4 /* AppDelegate.swift */; };
		BC3281412A33B9710024AEC4 /* SceneDelegate.swift in Sources */ = {isa = PBXBuildFile; fileRef = BC3281402A33B9710024AEC4 /* SceneDelegate.swift */; };
		BC3281482A33B9750024AEC4 /* Assets.xcassets in Resources */ = {isa = PBXBuildFile; fileRef = BC3281472A33B9750024AEC4 /* Assets.xcassets */; };
		BC32814B2A33B9750024AEC4 /* LaunchScreen.storyboard in Resources */ = {isa = PBXBuildFile; fileRef = BC3281492A33B9750024AEC4 /* LaunchScreen.storyboard */; };
		BC73C9662A33BD6B00309982 /* APIProtocol.swift in Sources */ = {isa = PBXBuildFile; fileRef = BC73C9652A33BD6B00309982 /* APIProtocol.swift */; };
		BC73C9682A33BD7800309982 /* API.swift in Sources */ = {isa = PBXBuildFile; fileRef = BC73C9672A33BD7800309982 /* API.swift */; };
		BC73C96A2A33BD8600309982 /* APIMock.swift in Sources */ = {isa = PBXBuildFile; fileRef = BC73C9692A33BD8600309982 /* APIMock.swift */; };
		BC73C96C2A33BD8E00309982 /* APIError.swift in Sources */ = {isa = PBXBuildFile; fileRef = BC73C96B2A33BD8E00309982 /* APIError.swift */; };
		BC73C96E2A33BD9600309982 /* Service.swift in Sources */ = {isa = PBXBuildFile; fileRef = BC73C96D2A33BD9600309982 /* Service.swift */; };
		BC73C9702A33BDA400309982 /* User.swift in Sources */ = {isa = PBXBuildFile; fileRef = BC73C96F2A33BDA400309982 /* User.swift */; };
		BC73C9722A33BDAB00309982 /* Repo.swift in Sources */ = {isa = PBXBuildFile; fileRef = BC73C9712A33BDAB00309982 /* Repo.swift */; };
		BC73C9742A33BDBA00309982 /* Extension.swift in Sources */ = {isa = PBXBuildFile; fileRef = BC73C9732A33BDBA00309982 /* Extension.swift */; };
		BC73C9762A33BDC200309982 /* BaseViewController.swift in Sources */ = {isa = PBXBuildFile; fileRef = BC73C9752A33BDC200309982 /* BaseViewController.swift */; };
		BC73C9782A33BDCF00309982 /* LoadingView.swift in Sources */ = {isa = PBXBuildFile; fileRef = BC73C9772A33BDCF00309982 /* LoadingView.swift */; };
		BC73C97A2A33BDD700309982 /* ErrorView.swift in Sources */ = {isa = PBXBuildFile; fileRef = BC73C9792A33BDD700309982 /* ErrorView.swift */; };
		BC73C97C2A33BDF500309982 /* UsersViewModel.swift in Sources */ = {isa = PBXBuildFile; fileRef = BC73C97B2A33BDF500309982 /* UsersViewModel.swift */; };
		BC73C97E2A33BE0100309982 /* UsersViewController.swift in Sources */ = {isa = PBXBuildFile; fileRef = BC73C97D2A33BE0100309982 /* UsersViewController.swift */; };
		BC73C9802A33BE1000309982 /* UsersCollectionViewCell.swift in Sources */ = {isa = PBXBuildFile; fileRef = BC73C97F2A33BE1000309982 /* UsersCollectionViewCell.swift */; };
		BC73C9822A33BE2100309982 /* UserDetailViewModel.swift in Sources */ = {isa = PBXBuildFile; fileRef = BC73C9812A33BE2100309982 /* UserDetailViewModel.swift */; };
		BC73C9842A33BE2900309982 /* UserDetailViewController.swift in Sources */ = {isa = PBXBuildFile; fileRef = BC73C9832A33BE2900309982 /* UserDetailViewController.swift */; };
		BC73C9862A33BE3900309982 /* UserDetailHeader.swift in Sources */ = {isa = PBXBuildFile; fileRef = BC73C9852A33BE3900309982 /* UserDetailHeader.swift */; };
		BC73C9882A33BE4600309982 /* UserDetailCardInformation.swift in Sources */ = {isa = PBXBuildFile; fileRef = BC73C9872A33BE4600309982 /* UserDetailCardInformation.swift */; };
		BC73C98A2A33BE5C00309982 /* RepoTableViewCell.swift in Sources */ = {isa = PBXBuildFile; fileRef = BC73C9892A33BE5C00309982 /* RepoTableViewCell.swift */; };
/* End PBXBuildFile section */

/* Begin PBXFileReference section */
		BC32813B2A33B9700024AEC4 /* rperformancegroup.app */ = {isa = PBXFileReference; explicitFileType = wrapper.application; includeInIndex = 0; path = rperformancegroup.app; sourceTree = BUILT_PRODUCTS_DIR; };
		BC32813E2A33B9710024AEC4 /* AppDelegate.swift */ = {isa = PBXFileReference; lastKnownFileType = sourcecode.swift; path = AppDelegate.swift; sourceTree = "<group>"; };
		BC3281402A33B9710024AEC4 /* SceneDelegate.swift */ = {isa = PBXFileReference; lastKnownFileType = sourcecode.swift; path = SceneDelegate.swift; sourceTree = "<group>"; };
		BC3281472A33B9750024AEC4 /* Assets.xcassets */ = {isa = PBXFileReference; lastKnownFileType = folder.assetcatalog; path = Assets.xcassets; sourceTree = "<group>"; };
		BC32814A2A33B9750024AEC4 /* Base */ = {isa = PBXFileReference; lastKnownFileType = file.storyboard; name = Base; path = Base.lproj/LaunchScreen.storyboard; sourceTree = "<group>"; };
		BC32814C2A33B9750024AEC4 /* Info.plist */ = {isa = PBXFileReference; lastKnownFileType = text.plist.xml; path = Info.plist; sourceTree = "<group>"; };
		BC73C9652A33BD6B00309982 /* APIProtocol.swift */ = {isa = PBXFileReference; lastKnownFileType = sourcecode.swift; path = APIProtocol.swift; sourceTree = "<group>"; };
		BC73C9672A33BD7800309982 /* API.swift */ = {isa = PBXFileReference; lastKnownFileType = sourcecode.swift; path = API.swift; sourceTree = "<group>"; };
		BC73C9692A33BD8600309982 /* APIMock.swift */ = {isa = PBXFileReference; lastKnownFileType = sourcecode.swift; path = APIMock.swift; sourceTree = "<group>"; };
		BC73C96B2A33BD8E00309982 /* APIError.swift */ = {isa = PBXFileReference; lastKnownFileType = sourcecode.swift; path = APIError.swift; sourceTree = "<group>"; };
		BC73C96D2A33BD9600309982 /* Service.swift */ = {isa = PBXFileReference; lastKnownFileType = sourcecode.swift; path = Service.swift; sourceTree = "<group>"; };
		BC73C96F2A33BDA400309982 /* User.swift */ = {isa = PBXFileReference; lastKnownFileType = sourcecode.swift; path = User.swift; sourceTree = "<group>"; };
		BC73C9712A33BDAB00309982 /* Repo.swift */ = {isa = PBXFileReference; lastKnownFileType = sourcecode.swift; path = Repo.swift; sourceTree = "<group>"; };
		BC73C9732A33BDBA00309982 /* Extension.swift */ = {isa = PBXFileReference; lastKnownFileType = sourcecode.swift; path = Extension.swift; sourceTree = "<group>"; };
		BC73C9752A33BDC200309982 /* BaseViewController.swift */ = {isa = PBXFileReference; lastKnownFileType = sourcecode.swift; path = BaseViewController.swift; sourceTree = "<group>"; };
		BC73C9772A33BDCF00309982 /* LoadingView.swift */ = {isa = PBXFileReference; lastKnownFileType = sourcecode.swift; path = LoadingView.swift; sourceTree = "<group>"; };
		BC73C9792A33BDD700309982 /* ErrorView.swift */ = {isa = PBXFileReference; lastKnownFileType = sourcecode.swift; path = ErrorView.swift; sourceTree = "<group>"; };
		BC73C97B2A33BDF500309982 /* UsersViewModel.swift */ = {isa = PBXFileReference; lastKnownFileType = sourcecode.swift; path = UsersViewModel.swift; sourceTree = "<group>"; };
		BC73C97D2A33BE0100309982 /* UsersViewController.swift */ = {isa = PBXFileReference; lastKnownFileType = sourcecode.swift; path = UsersViewController.swift; sourceTree = "<group>"; };
		BC73C97F2A33BE1000309982 /* UsersCollectionViewCell.swift */ = {isa = PBXFileReference; lastKnownFileType = sourcecode.swift; path = UsersCollectionViewCell.swift; sourceTree = "<group>"; };
		BC73C9812A33BE2100309982 /* UserDetailViewModel.swift */ = {isa = PBXFileReference; lastKnownFileType = sourcecode.swift; path = UserDetailViewModel.swift; sourceTree = "<group>"; };
		BC73C9832A33BE2900309982 /* UserDetailViewController.swift */ = {isa = PBXFileReference; lastKnownFileType = sourcecode.swift; path = UserDetailViewController.swift; sourceTree = "<group>"; };
		BC73C9852A33BE3900309982 /* UserDetailHeader.swift */ = {isa = PBXFileReference; lastKnownFileType = sourcecode.swift; path = UserDetailHeader.swift; sourceTree = "<group>"; };
		BC73C9872A33BE4600309982 /* UserDetailCardInformation.swift */ = {isa = PBXFileReference; lastKnownFileType = sourcecode.swift; path = UserDetailCardInformation.swift; sourceTree = "<group>"; };
		BC73C9892A33BE5C00309982 /* RepoTableViewCell.swift */ = {isa = PBXFileReference; lastKnownFileType = sourcecode.swift; path = RepoTableViewCell.swift; sourceTree = "<group>"; };
/* End PBXFileReference section */

/* Begin PBXFrameworksBuildPhase section */
		BC3281382A33B9700024AEC4 /* Frameworks */ = {
			isa = PBXFrameworksBuildPhase;
			buildActionMask = 2147483647;
			files = (
			);
			runOnlyForDeploymentPostprocessing = 0;
		};
/* End PBXFrameworksBuildPhase section */

/* Begin PBXGroup section */
		BC3281322A33B9700024AEC4 = {
			isa = PBXGroup;
			children = (
				BC32813D2A33B9700024AEC4 /* rperformancegroup */,
				BC32813C2A33B9700024AEC4 /* Products */,
			);
			sourceTree = "<group>";
		};
		BC32813C2A33B9700024AEC4 /* Products */ = {
			isa = PBXGroup;
			children = (
				BC32813B2A33B9700024AEC4 /* rperformancegroup.app */,
			);
			name = Products;
			sourceTree = "<group>";
		};
		BC32813D2A33B9700024AEC4 /* rperformancegroup */ = {
			isa = PBXGroup;
			children = (
				BC3281522A33BAC90024AEC4 /* Application */,
				BC3281532A33BAE20024AEC4 /* Resources */,
				BC3281542A33BB070024AEC4 /* Source */,
				BC32814C2A33B9750024AEC4 /* Info.plist */,
			);
			path = rperformancegroup;
			sourceTree = "<group>";
		};
		BC3281522A33BAC90024AEC4 /* Application */ = {
			isa = PBXGroup;
			children = (
				BC32813E2A33B9710024AEC4 /* AppDelegate.swift */,
				BC3281402A33B9710024AEC4 /* SceneDelegate.swift */,
				BC3281492A33B9750024AEC4 /* LaunchScreen.storyboard */,
			);
			path = Application;
			sourceTree = "<group>";
		};
		BC3281532A33BAE20024AEC4 /* Resources */ = {
			isa = PBXGroup;
			children = (
				BC3281472A33B9750024AEC4 /* Assets.xcassets */,
			);
			path = Resources;
			sourceTree = "<group>";
		};
		BC3281542A33BB070024AEC4 /* Source */ = {
			isa = PBXGroup;
			children = (
				BC73C95D2A33BD0D00309982 /* Service */,
				BC73C95C2A33BD0300309982 /* Model */,
				BC73C9642A33BD4300309982 /* Helper */,
				BC73C95F2A33BD1900309982 /* User */,
			);
			path = Source;
			sourceTree = "<group>";
		};
		BC73C95C2A33BD0300309982 /* Model */ = {
			isa = PBXGroup;
			children = (
				BC73C96F2A33BDA400309982 /* User.swift */,
				BC73C9712A33BDAB00309982 /* Repo.swift */,
			);
			path = Model;
			sourceTree = "<group>";
		};
		BC73C95D2A33BD0D00309982 /* Service */ = {
			isa = PBXGroup;
			children = (
				BC73C9652A33BD6B00309982 /* APIProtocol.swift */,
				BC73C9672A33BD7800309982 /* API.swift */,
				BC73C9692A33BD8600309982 /* APIMock.swift */,
				BC73C96B2A33BD8E00309982 /* APIError.swift */,
				BC73C96D2A33BD9600309982 /* Service.swift */,
			);
			path = Service;
			sourceTree = "<group>";
		};
		BC73C95F2A33BD1900309982 /* User */ = {
			isa = PBXGroup;
			children = (
				BC73C9612A33BD2C00309982 /* Detail */,
				BC73C9602A33BD2800309982 /* List */,
			);
			path = User;
			sourceTree = "<group>";
		};
		BC73C9602A33BD2800309982 /* List */ = {
			isa = PBXGroup;
			children = (
				BC73C9632A33BD3B00309982 /* Custom */,
				BC73C97B2A33BDF500309982 /* UsersViewModel.swift */,
				BC73C97D2A33BE0100309982 /* UsersViewController.swift */,
			);
			path = List;
			sourceTree = "<group>";
		};
		BC73C9612A33BD2C00309982 /* Detail */ = {
			isa = PBXGroup;
			children = (
				BC73C9622A33BD3600309982 /* Custom */,
				BC73C9812A33BE2100309982 /* UserDetailViewModel.swift */,
				BC73C9832A33BE2900309982 /* UserDetailViewController.swift */,
			);
			path = Detail;
			sourceTree = "<group>";
		};
		BC73C9622A33BD3600309982 /* Custom */ = {
			isa = PBXGroup;
			children = (
				BC73C9852A33BE3900309982 /* UserDetailHeader.swift */,
				BC73C9872A33BE4600309982 /* UserDetailCardInformation.swift */,
				BC73C9892A33BE5C00309982 /* RepoTableViewCell.swift */,
			);
			path = Custom;
			sourceTree = "<group>";
		};
		BC73C9632A33BD3B00309982 /* Custom */ = {
			isa = PBXGroup;
			children = (
				BC73C97F2A33BE1000309982 /* UsersCollectionViewCell.swift */,
			);
			path = Custom;
			sourceTree = "<group>";
		};
		BC73C9642A33BD4300309982 /* Helper */ = {
			isa = PBXGroup;
			children = (
				BC73C9732A33BDBA00309982 /* Extension.swift */,
				BC73C9752A33BDC200309982 /* BaseViewController.swift */,
				BC73C9792A33BDD700309982 /* ErrorView.swift */,
				BC73C9772A33BDCF00309982 /* LoadingView.swift */,
			);
			path = Helper;
			sourceTree = "<group>";
		};
/* End PBXGroup section */

/* Begin PBXNativeTarget section */
		BC32813A2A33B9700024AEC4 /* rperformancegroup */ = {
			isa = PBXNativeTarget;
			buildConfigurationList = BC32814F2A33B9750024AEC4 /* Build configuration list for PBXNativeTarget "rperformancegroup" */;
			buildPhases = (
				BC3281372A33B9700024AEC4 /* Sources */,
				BC3281382A33B9700024AEC4 /* Frameworks */,
				BC3281392A33B9700024AEC4 /* Resources */,
			);
			buildRules = (
			);
			dependencies = (
			);
			name = rperformancegroup;
			productName = rperformancegroup;
			productReference = BC32813B2A33B9700024AEC4 /* rperformancegroup.app */;
			productType = "com.apple.product-type.application";
		};
/* End PBXNativeTarget section */

/* Begin PBXProject section */
		BC3281332A33B9700024AEC4 /* Project object */ = {
			isa = PBXProject;
			attributes = {
				BuildIndependentTargetsInParallel = 1;
				LastSwiftUpdateCheck = 1420;
				LastUpgradeCheck = 1420;
				TargetAttributes = {
					BC32813A2A33B9700024AEC4 = {
						CreatedOnToolsVersion = 14.2;
					};
				};
			};
			buildConfigurationList = BC3281362A33B9700024AEC4 /* Build configuration list for PBXProject "rperformancegroup" */;
			compatibilityVersion = "Xcode 14.0";
			developmentRegion = en;
			hasScannedForEncodings = 0;
			knownRegions = (
				en,
				Base,
			);
			mainGroup = BC3281322A33B9700024AEC4;
			productRefGroup = BC32813C2A33B9700024AEC4 /* Products */;
			projectDirPath = "";
			projectRoot = "";
			targets = (
				BC32813A2A33B9700024AEC4 /* rperformancegroup */,
			);
		};
/* End PBXProject section */

/* Begin PBXResourcesBuildPhase section */
		BC3281392A33B9700024AEC4 /* Resources */ = {
			isa = PBXResourcesBuildPhase;
			buildActionMask = 2147483647;
			files = (
				BC32814B2A33B9750024AEC4 /* LaunchScreen.storyboard in Resources */,
				BC3281482A33B9750024AEC4 /* Assets.xcassets in Resources */,
			);
			runOnlyForDeploymentPostprocessing = 0;
		};
/* End PBXResourcesBuildPhase section */

/* Begin PBXSourcesBuildPhase section */
		BC3281372A33B9700024AEC4 /* Sources */ = {
			isa = PBXSourcesBuildPhase;
			buildActionMask = 2147483647;
			files = (
				BC32813F2A33B9710024AEC4 /* AppDelegate.swift in Sources */,
				BC73C9802A33BE1000309982 /* UsersCollectionViewCell.swift in Sources */,
				BC73C9842A33BE2900309982 /* UserDetailViewController.swift in Sources */,
				BC73C97C2A33BDF500309982 /* UsersViewModel.swift in Sources */,
				BC73C96E2A33BD9600309982 /* Service.swift in Sources */,
				BC73C9762A33BDC200309982 /* BaseViewController.swift in Sources */,
				BC73C9662A33BD6B00309982 /* APIProtocol.swift in Sources */,
				BC73C9722A33BDAB00309982 /* Repo.swift in Sources */,
				BC73C9782A33BDCF00309982 /* LoadingView.swift in Sources */,
				BC73C9862A33BE3900309982 /* UserDetailHeader.swift in Sources */,
				BC73C97E2A33BE0100309982 /* UsersViewController.swift in Sources */,
				BC73C9822A33BE2100309982 /* UserDetailViewModel.swift in Sources */,
				BC73C9882A33BE4600309982 /* UserDetailCardInformation.swift in Sources */,
				BC73C9682A33BD7800309982 /* API.swift in Sources */,
				BC73C9742A33BDBA00309982 /* Extension.swift in Sources */,
				BC73C9702A33BDA400309982 /* User.swift in Sources */,
				BC3281412A33B9710024AEC4 /* SceneDelegate.swift in Sources */,
				BC73C98A2A33BE5C00309982 /* RepoTableViewCell.swift in Sources */,
				BC73C96A2A33BD8600309982 /* APIMock.swift in Sources */,
				BC73C97A2A33BDD700309982 /* ErrorView.swift in Sources */,
				BC73C96C2A33BD8E00309982 /* APIError.swift in Sources */,
			);
			runOnlyForDeploymentPostprocessing = 0;
		};
/* End PBXSourcesBuildPhase section */

/* Begin PBXVariantGroup section */
		BC3281492A33B9750024AEC4 /* LaunchScreen.storyboard */ = {
			isa = PBXVariantGroup;
			children = (
				BC32814A2A33B9750024AEC4 /* Base */,
			);
			name = LaunchScreen.storyboard;
			sourceTree = "<group>";
		};
/* End PBXVariantGroup section */

/* Begin XCBuildConfiguration section */
		BC32814D2A33B9750024AEC4 /* Debug */ = {
			isa = XCBuildConfiguration;
			buildSettings = {
				ALWAYS_SEARCH_USER_PATHS = NO;
				CLANG_ANALYZER_NONNULL = YES;
				CLANG_ANALYZER_NUMBER_OBJECT_CONVERSION = YES_AGGRESSIVE;
				CLANG_CXX_LANGUAGE_STANDARD = "gnu++20";
				CLANG_ENABLE_MODULES = YES;
				CLANG_ENABLE_OBJC_ARC = YES;
				CLANG_ENABLE_OBJC_WEAK = YES;
				CLANG_WARN_BLOCK_CAPTURE_AUTORELEASING = YES;
				CLANG_WARN_BOOL_CONVERSION = YES;
				CLANG_WARN_COMMA = YES;
				CLANG_WARN_CONSTANT_CONVERSION = YES;
				CLANG_WARN_DEPRECATED_OBJC_IMPLEMENTATIONS = YES;
				CLANG_WARN_DIRECT_OBJC_ISA_USAGE = YES_ERROR;
				CLANG_WARN_DOCUMENTATION_COMMENTS = YES;
				CLANG_WARN_EMPTY_BODY = YES;
				CLANG_WARN_ENUM_CONVERSION = YES;
				CLANG_WARN_INFINITE_RECURSION = YES;
				CLANG_WARN_INT_CONVERSION = YES;
				CLANG_WARN_NON_LITERAL_NULL_CONVERSION = YES;
				CLANG_WARN_OBJC_IMPLICIT_RETAIN_SELF = YES;
				CLANG_WARN_OBJC_LITERAL_CONVERSION = YES;
				CLANG_WARN_OBJC_ROOT_CLASS = YES_ERROR;
				CLANG_WARN_QUOTED_INCLUDE_IN_FRAMEWORK_HEADER = YES;
				CLANG_WARN_RANGE_LOOP_ANALYSIS = YES;
				CLANG_WARN_STRICT_PROTOTYPES = YES;
				CLANG_WARN_SUSPICIOUS_MOVE = YES;
				CLANG_WARN_UNGUARDED_AVAILABILITY = YES_AGGRESSIVE;
				CLANG_WARN_UNREACHABLE_CODE = YES;
				CLANG_WARN__DUPLICATE_METHOD_MATCH = YES;
				COPY_PHASE_STRIP = NO;
				DEBUG_INFORMATION_FORMAT = dwarf;
				ENABLE_STRICT_OBJC_MSGSEND = YES;
				ENABLE_TESTABILITY = YES;
				GCC_C_LANGUAGE_STANDARD = gnu11;
				GCC_DYNAMIC_NO_PIC = NO;
				GCC_NO_COMMON_BLOCKS = YES;
				GCC_OPTIMIZATION_LEVEL = 0;
				GCC_PREPROCESSOR_DEFINITIONS = (
					"DEBUG=1",
					"$(inherited)",
				);
				GCC_WARN_64_TO_32_BIT_CONVERSION = YES;
				GCC_WARN_ABOUT_RETURN_TYPE = YES_ERROR;
				GCC_WARN_UNDECLARED_SELECTOR = YES;
				GCC_WARN_UNINITIALIZED_AUTOS = YES_AGGRESSIVE;
				GCC_WARN_UNUSED_FUNCTION = YES;
				GCC_WARN_UNUSED_VARIABLE = YES;
				IPHONEOS_DEPLOYMENT_TARGET = 16.2;
				MTL_ENABLE_DEBUG_INFO = INCLUDE_SOURCE;
				MTL_FAST_MATH = YES;
				ONLY_ACTIVE_ARCH = YES;
				SDKROOT = iphoneos;
				SWIFT_ACTIVE_COMPILATION_CONDITIONS = DEBUG;
				SWIFT_OPTIMIZATION_LEVEL = "-Onone";
			};
			name = Debug;
		};
		BC32814E2A33B9750024AEC4 /* Release */ = {
			isa = XCBuildConfiguration;
			buildSettings = {
				ALWAYS_SEARCH_USER_PATHS = NO;
				CLANG_ANALYZER_NONNULL = YES;
				CLANG_ANALYZER_NUMBER_OBJECT_CONVERSION = YES_AGGRESSIVE;
				CLANG_CXX_LANGUAGE_STANDARD = "gnu++20";
				CLANG_ENABLE_MODULES = YES;
				CLANG_ENABLE_OBJC_ARC = YES;
				CLANG_ENABLE_OBJC_WEAK = YES;
				CLANG_WARN_BLOCK_CAPTURE_AUTORELEASING = YES;
				CLANG_WARN_BOOL_CONVERSION = YES;
				CLANG_WARN_COMMA = YES;
				CLANG_WARN_CONSTANT_CONVERSION = YES;
				CLANG_WARN_DEPRECATED_OBJC_IMPLEMENTATIONS = YES;
				CLANG_WARN_DIRECT_OBJC_ISA_USAGE = YES_ERROR;
				CLANG_WARN_DOCUMENTATION_COMMENTS = YES;
				CLANG_WARN_EMPTY_BODY = YES;
				CLANG_WARN_ENUM_CONVERSION = YES;
				CLANG_WARN_INFINITE_RECURSION = YES;
				CLANG_WARN_INT_CONVERSION = YES;
				CLANG_WARN_NON_LITERAL_NULL_CONVERSION = YES;
				CLANG_WARN_OBJC_IMPLICIT_RETAIN_SELF = YES;
				CLANG_WARN_OBJC_LITERAL_CONVERSION = YES;
				CLANG_WARN_OBJC_ROOT_CLASS = YES_ERROR;
				CLANG_WARN_QUOTED_INCLUDE_IN_FRAMEWORK_HEADER = YES;
				CLANG_WARN_RANGE_LOOP_ANALYSIS = YES;
				CLANG_WARN_STRICT_PROTOTYPES = YES;
				CLANG_WARN_SUSPICIOUS_MOVE = YES;
				CLANG_WARN_UNGUARDED_AVAILABILITY = YES_AGGRESSIVE;
				CLANG_WARN_UNREACHABLE_CODE = YES;
				CLANG_WARN__DUPLICATE_METHOD_MATCH = YES;
				COPY_PHASE_STRIP = NO;
				DEBUG_INFORMATION_FORMAT = "dwarf-with-dsym";
				ENABLE_NS_ASSERTIONS = NO;
				ENABLE_STRICT_OBJC_MSGSEND = YES;
				GCC_C_LANGUAGE_STANDARD = gnu11;
				GCC_NO_COMMON_BLOCKS = YES;
				GCC_WARN_64_TO_32_BIT_CONVERSION = YES;
				GCC_WARN_ABOUT_RETURN_TYPE = YES_ERROR;
				GCC_WARN_UNDECLARED_SELECTOR = YES;
				GCC_WARN_UNINITIALIZED_AUTOS = YES_AGGRESSIVE;
				GCC_WARN_UNUSED_FUNCTION = YES;
				GCC_WARN_UNUSED_VARIABLE = YES;
				IPHONEOS_DEPLOYMENT_TARGET = 16.2;
				MTL_ENABLE_DEBUG_INFO = NO;
				MTL_FAST_MATH = YES;
				SDKROOT = iphoneos;
				SWIFT_COMPILATION_MODE = wholemodule;
				SWIFT_OPTIMIZATION_LEVEL = "-O";
				VALIDATE_PRODUCT = YES;
			};
			name = Release;
		};
		BC3281502A33B9750024AEC4 /* Debug */ = {
			isa = XCBuildConfiguration;
			buildSettings = {
				ASSETCATALOG_COMPILER_APPICON_NAME = AppIcon;
				ASSETCATALOG_COMPILER_GLOBAL_ACCENT_COLOR_NAME = AccentColor;
				CODE_SIGN_STYLE = Automatic;
				CURRENT_PROJECT_VERSION = 1;
				GENERATE_INFOPLIST_FILE = YES;
				INFOPLIST_FILE = rperformancegroup/Info.plist;
				INFOPLIST_KEY_UIApplicationSupportsIndirectInputEvents = YES;
				INFOPLIST_KEY_UILaunchStoryboardName = LaunchScreen;
				INFOPLIST_KEY_UISupportedInterfaceOrientations_iPad = "UIInterfaceOrientationPortrait UIInterfaceOrientationPortraitUpsideDown UIInterfaceOrientationLandscapeLeft UIInterfaceOrientationLandscapeRight";
				INFOPLIST_KEY_UISupportedInterfaceOrientations_iPhone = "UIInterfaceOrientationPortrait UIInterfaceOrientationLandscapeLeft UIInterfaceOrientationLandscapeRight";
				LD_RUNPATH_SEARCH_PATHS = (
					"$(inherited)",
					"@executable_path/Frameworks",
				);
				MARKETING_VERSION = 1.0;
				PRODUCT_BUNDLE_IDENTIFIER = br.com.thiagosoares.rperformancegroup;
				PRODUCT_NAME = "$(TARGET_NAME)";
				SWIFT_EMIT_LOC_STRINGS = YES;
				SWIFT_VERSION = 5.0;
				TARGETED_DEVICE_FAMILY = "1,2";
			};
			name = Debug;
		};
		BC3281512A33B9750024AEC4 /* Release */ = {
			isa = XCBuildConfiguration;
			buildSettings = {
				ASSETCATALOG_COMPILER_APPICON_NAME = AppIcon;
				ASSETCATALOG_COMPILER_GLOBAL_ACCENT_COLOR_NAME = AccentColor;
				CODE_SIGN_STYLE = Automatic;
				CURRENT_PROJECT_VERSION = 1;
				GENERATE_INFOPLIST_FILE = YES;
				INFOPLIST_FILE = rperformancegroup/Info.plist;
				INFOPLIST_KEY_UIApplicationSupportsIndirectInputEvents = YES;
				INFOPLIST_KEY_UILaunchStoryboardName = LaunchScreen;
				INFOPLIST_KEY_UISupportedInterfaceOrientations_iPad = "UIInterfaceOrientationPortrait UIInterfaceOrientationPortraitUpsideDown UIInterfaceOrientationLandscapeLeft UIInterfaceOrientationLandscapeRight";
				INFOPLIST_KEY_UISupportedInterfaceOrientations_iPhone = "UIInterfaceOrientationPortrait UIInterfaceOrientationLandscapeLeft UIInterfaceOrientationLandscapeRight";
				LD_RUNPATH_SEARCH_PATHS = (
					"$(inherited)",
					"@executable_path/Frameworks",
				);
				MARKETING_VERSION = 1.0;
				PRODUCT_BUNDLE_IDENTIFIER = br.com.thiagosoares.rperformancegroup;
				PRODUCT_NAME = "$(TARGET_NAME)";
				SWIFT_EMIT_LOC_STRINGS = YES;
				SWIFT_VERSION = 5.0;
				TARGETED_DEVICE_FAMILY = "1,2";
			};
			name = Release;
		};
/* End XCBuildConfiguration section */

/* Begin XCConfigurationList section */
		BC3281362A33B9700024AEC4 /* Build configuration list for PBXProject "rperformancegroup" */ = {
			isa = XCConfigurationList;
			buildConfigurations = (
				BC32814D2A33B9750024AEC4 /* Debug */,
				BC32814E2A33B9750024AEC4 /* Release */,
			);
			defaultConfigurationIsVisible = 0;
			defaultConfigurationName = Release;
		};
		BC32814F2A33B9750024AEC4 /* Build configuration list for PBXNativeTarget "rperformancegroup" */ = {
			isa = XCConfigurationList;
			buildConfigurations = (
				BC3281502A33B9750024AEC4 /* Debug */,
				BC3281512A33B9750024AEC4 /* Release */,
			);
			defaultConfigurationIsVisible = 0;
			defaultConfigurationName = Release;
		};
/* End XCConfigurationList section */
	};
	rootObject = BC3281332A33B9700024AEC4 /* Project object */;
}
